{
  "name": "hippo-cms-engine",
  "requires": true,
  "lockfileVersion": 1,
  "dependencies": {
    "@bloomreach/navigation-communication": {
      "version": "1.0.0-4",
      "resolved": "https://registry.npmjs.org/@bloomreach/navigation-communication/-/navigation-communication-1.0.0-4.tgz",
      "integrity": "sha512-tLI3aBIzDArFJHFhvMFqd+PUzIr71SAHNCoqLBeaskg44wSjfXKYmbVvzuhEao4qMl33141BleMwLVTQa6+UXQ==",
      "requires": {
        "tslib": "^1.9.0"
      }
    },
    "file-match": {
      "version": "1.0.2",
      "resolved": "https://registry.npmjs.org/file-match/-/file-match-1.0.2.tgz",
      "integrity": "sha1-ycrSZdLIrfOoFHWw30dYWQafrvc=",
      "dev": true,
      "requires": {
        "utils-extend": "^1.0.6"
      }
    },
    "file-system": {
      "version": "2.2.2",
      "resolved": "https://registry.npmjs.org/file-system/-/file-system-2.2.2.tgz",
      "integrity": "sha1-fWWDPjojR9zZVqgTxncVPtPt2Yc=",
      "dev": true,
      "requires": {
        "file-match": "^1.0.1",
        "utils-extend": "^1.0.4"
      }
    },
    "tslib": {
      "version": "1.9.3",
      "resolved": "https://registry.npmjs.org/tslib/-/tslib-1.9.3.tgz",
      "integrity": "sha512-4krF8scpejhaOgqzBEcGM7yDIEfi0/8+8zDRZhNZZ2kjmHJ4hv3zCbQWxoJGz1iw5U0Jl0nma13xzHXcncMavQ=="
    },
    "utils-extend": {
      "version": "1.0.8",
      "resolved": "https://registry.npmjs.org/utils-extend/-/utils-extend-1.0.8.tgz",
      "integrity": "sha1-zP17ZFQPjpDuIe7Fd2nQZRyril8=",
      "dev": true
    }
  }
}
