{
  "name": "hippo-cms-engine",
  "requires": true,
  "lockfileVersion": 1,
  "dependencies": {
    "@angular/animations": {
      "version": "7.2.15",
      "resolved": "https://registry.npmjs.org/@angular/animations/-/animations-7.2.15.tgz",
      "integrity": "sha512-8oBt3HLgd2+kyJHUgsd7OzKCCss67t2sch15XNoIWlOLfxclqU+EfFE6t/vCzpT8/+lpZS6LU9ZrTnb+UBj5jg==",
      "requires": {
        "tslib": "^1.9.0"
      }
    },
    "@angular/cdk": {
      "version": "7.3.7",
      "resolved": "https://registry.npmjs.org/@angular/cdk/-/cdk-7.3.7.tgz",
      "integrity": "sha512-xbXxhHHKGkVuW6K7pzPmvpJXIwpl0ykBnvA2g+/7Sgy5Pd35wCC+UtHD9RYczDM/mkygNxMQtagyCErwFnDtQA==",
      "requires": {
        "parse5": "^5.0.0",
        "tslib": "^1.7.1"
      }
    },
    "@angular/common": {
      "version": "7.2.15",
      "resolved": "https://registry.npmjs.org/@angular/common/-/common-7.2.15.tgz",
      "integrity": "sha512-2b5JY2HWVHCf3D1GZjmde7jdAXSTXkYtmjLtA9tQkjOOTr80eHpNSujQqnzb97dk9VT9OjfjqTQd7K3pxZz8jw==",
      "requires": {
        "tslib": "^1.9.0"
      }
    },
    "@angular/compiler": {
      "version": "7.2.15",
      "resolved": "https://registry.npmjs.org/@angular/compiler/-/compiler-7.2.15.tgz",
      "integrity": "sha512-5yb4NcLk8GuXkYf7Dcor4XkGueYp4dgihzDmMjYDUrV0NPhubKlr+SwGtLOtzgRBWJ1I2bO0S3zwa0q0OgIPOw==",
      "requires": {
        "tslib": "^1.9.0"
      }
    },
    "@angular/core": {
      "version": "7.2.15",
      "resolved": "https://registry.npmjs.org/@angular/core/-/core-7.2.15.tgz",
      "integrity": "sha512-XsuYm0jEU/mOqwDOk2utThv8J9kESkAerfuCHClE9rB2TtHUOGCfekF7lJWqjjypu6/J9ygoPFo7hdAE058ZGg==",
      "requires": {
        "tslib": "^1.9.0"
      }
    },
    "@angular/forms": {
      "version": "7.2.15",
      "resolved": "https://registry.npmjs.org/@angular/forms/-/forms-7.2.15.tgz",
      "integrity": "sha512-p0kcIQLtBBC1qeTA6M3nOuXf/k91E80FKquVM9zEsO2kDjI0oZJVfFYL2UMov5samlJOPN+t6lRHEIUa7ApPsw==",
      "requires": {
        "tslib": "^1.9.0"
      }
    },
    "@angular/material": {
      "version": "7.3.7",
      "resolved": "https://registry.npmjs.org/@angular/material/-/material-7.3.7.tgz",
      "integrity": "sha512-Eq+7frkeNGkLOfEtmkmJgR+AgoWajOipXZWWfCSamNfpCcPof82DwvGOpAmgGni9FuN2XFQdqP5MoaffQzIvUA==",
      "requires": {
        "tslib": "^1.7.1"
      }
    },
    "@angular/platform-browser": {
      "version": "7.2.15",
      "resolved": "https://registry.npmjs.org/@angular/platform-browser/-/platform-browser-7.2.15.tgz",
      "integrity": "sha512-aYgmPsbC9Tvp9vmKWD8voeAp4crwCay7/D6lM3ClEe2EeK934LuEXq3/uczMrFVbnIX7BBIo8fh03Tl7wbiGPw==",
      "requires": {
        "tslib": "^1.9.0"
      }
    },
    "@angular/platform-browser-dynamic": {
      "version": "7.2.15",
      "resolved": "https://registry.npmjs.org/@angular/platform-browser-dynamic/-/platform-browser-dynamic-7.2.15.tgz",
      "integrity": "sha512-UL2PqhzXMD769NQ6Lh6pxlBDKvN9Qol3XLRFil80lwJ1GRW16ITeYbCamcafIH2GOyd88IhmYcbMfUQ/6q4MMQ==",
      "requires": {
        "tslib": "^1.9.0"
      }
    },
    "@angular/router": {
      "version": "7.2.15",
      "resolved": "https://registry.npmjs.org/@angular/router/-/router-7.2.15.tgz",
      "integrity": "sha512-qAubRJRQanguUqJQ76J9GSZ4JFtoyhJKRmX5P23ANZJXpB6YLzF2fJmOGi+E6cV8F0tKBMEq1pjxFTisx0MXwQ==",
      "requires": {
        "tslib": "^1.9.0"
      }
    },
    "@bloomreach/navapp": {
      "version": "1.0.0-29",
      "resolved": "https://registry.npmjs.org/@bloomreach/navapp/-/navapp-1.0.0-29.tgz",
      "integrity": "sha512-TiC1EbygrRN3qqWvnpTYYQTpjN5ngEGRNjQMS/OUt9cg1dA4ibqXuuxalyu54FgpgwNBOdQwMQjv442XLFwJWg==",
      "requires": {
        "@angular/animations": "~7.2.15",
        "@angular/cdk": "~7.3.7",
        "@angular/common": "~7.2.0",
        "@angular/compiler": "~7.2.0",
        "@angular/core": "~7.2.0",
        "@angular/forms": "~7.2.0",
        "@angular/material": "~7.3.7",
        "@angular/platform-browser": "~7.2.0",
        "@angular/platform-browser-dynamic": "~7.2.0",
        "@angular/router": "~7.2.0",
        "@bloomreach/navapp-communication": "^1.0.0-7",
        "core-js": "^2.5.4",
        "ng-click-outside": "~4.0.0",
        "ngx-perfect-scrollbar": "~8.0.0",
        "normalize.css": "~8.0.1",
        "open-sans-fontface": "^1.4.0",
        "penpal": "^4.0.0",
        "rxjs": "~6.3.3",
        "tslib": "^1.9.0",
        "zone.js": "~0.8.26"
      }
    },
    "@bloomreach/navapp-communication": {
      "version": "1.0.0-7",
      "resolved": "https://registry.npmjs.org/@bloomreach/navapp-communication/-/navapp-communication-1.0.0-7.tgz",
      "integrity": "sha512-H9XVjBGr2K8YNe33S1rxB87Ncf5ZIURphu4z/4urwR0bLWakxmYJPCSp9gjEC53GeyYr4uzecF67mPFy0F96Lg==",
      "requires": {
        "tslib": "^1.9.0"
      }
    },
    "core-js": {
      "version": "2.6.9",
      "resolved": "https://registry.npmjs.org/core-js/-/core-js-2.6.9.tgz",
      "integrity": "sha512-HOpZf6eXmnl7la+cUdMnLvUxKNqLUzJvgIziQ0DiF3JwSImNphIqdGqzj6hIKyX04MmV0poclQ7+wjWvxQyR2A=="
    },
    "file-match": {
      "version": "1.0.2",
      "resolved": "https://registry.npmjs.org/file-match/-/file-match-1.0.2.tgz",
      "integrity": "sha1-ycrSZdLIrfOoFHWw30dYWQafrvc=",
      "dev": true,
      "requires": {
        "utils-extend": "^1.0.6"
      }
    },
    "file-system": {
      "version": "2.2.2",
      "resolved": "https://registry.npmjs.org/file-system/-/file-system-2.2.2.tgz",
      "integrity": "sha1-fWWDPjojR9zZVqgTxncVPtPt2Yc=",
      "dev": true,
      "requires": {
        "file-match": "^1.0.1",
        "utils-extend": "^1.0.4"
      }
    },
    "ng-click-outside": {
      "version": "4.0.0",
      "resolved": "https://registry.npmjs.org/ng-click-outside/-/ng-click-outside-4.0.0.tgz",
      "integrity": "sha512-b5JIWKjaALmKWmy8SXQjxrRIaPqExmqktcZXRwHflzR0UqUKKBT/2C33jBMI425QD75BPqpAiGq5xujzEybkUw=="
    },
    "ngx-perfect-scrollbar": {
      "version": "8.0.0",
      "resolved": "https://registry.npmjs.org/ngx-perfect-scrollbar/-/ngx-perfect-scrollbar-8.0.0.tgz",
      "integrity": "sha512-IXoFbULQnxyJj0gdCcKCLE/6OW9HCP9KARzMCKS1kNxTuzG4DghjM2AaCBRM5/sFwdbn6rqOKMCINtHA8W8YCA==",
      "requires": {
        "perfect-scrollbar": "^1.4.0",
        "resize-observer-polyfill": "^1.5.0"
      }
    },
    "normalize.css": {
      "version": "8.0.1",
      "resolved": "https://registry.npmjs.org/normalize.css/-/normalize.css-8.0.1.tgz",
      "integrity": "sha512-qizSNPO93t1YUuUhP22btGOo3chcvDFqFaj2TRybP0DMxkHOCTYwp3n34fel4a31ORXy4m1Xq0Gyqpb5m33qIg=="
    },
    "open-sans-fontface": {
      "version": "1.4.0",
      "resolved": "https://registry.npmjs.org/open-sans-fontface/-/open-sans-fontface-1.4.0.tgz",
      "integrity": "sha1-A8xtG/XmqLW0eRCIhWL3IsXdNCg="
    },
    "parse5": {
      "version": "5.1.0",
      "resolved": "https://registry.npmjs.org/parse5/-/parse5-5.1.0.tgz",
      "integrity": "sha512-fxNG2sQjHvlVAYmzBZS9YlDp6PTSSDwa98vkD4QgVDDCAo84z5X1t5XyJQ62ImdLXx5NdIIfihey6xpum9/gRQ==",
      "optional": true
    },
    "penpal": {
      "version": "4.0.0",
      "resolved": "https://registry.npmjs.org/penpal/-/penpal-4.0.0.tgz",
      "integrity": "sha512-APPdpVijTF64nEHDfr5JFCW+aYFUe8FzKQs7hqXJis8UF7fbZ06MXUIlp5qdpmb1HdSwU7ysGbsixYGlofD8mw=="
    },
    "perfect-scrollbar": {
      "version": "1.4.0",
      "resolved": "https://registry.npmjs.org/perfect-scrollbar/-/perfect-scrollbar-1.4.0.tgz",
      "integrity": "sha512-/2Sk/khljhdrsamjJYS5NjrH+GKEHEwh7zFSiYyxROyYKagkE4kSn2zDQDRTOMo8mpT2jikxx6yI1dG7lNP/hw=="
    },
    "resize-observer-polyfill": {
      "version": "1.5.1",
      "resolved": "https://registry.npmjs.org/resize-observer-polyfill/-/resize-observer-polyfill-1.5.1.tgz",
      "integrity": "sha512-LwZrotdHOo12nQuZlHEmtuXdqGoOD0OhaxopaNFxWzInpEgaLWoVuAMbTzixuosCx2nEG58ngzW3vxdWoxIgdg=="
    },
    "rxjs": {
      "version": "6.3.3",
      "resolved": "https://registry.npmjs.org/rxjs/-/rxjs-6.3.3.tgz",
      "integrity": "sha512-JTWmoY9tWCs7zvIk/CvRjhjGaOd+OVBM987mxFo+OW66cGpdKjZcpmc74ES1sB//7Kl/PAe8+wEakuhG4pcgOw==",
      "requires": {
        "tslib": "^1.9.0"
      }
    },
    "tslib": {
      "version": "1.9.3",
      "resolved": "https://registry.npmjs.org/tslib/-/tslib-1.9.3.tgz",
      "integrity": "sha512-4krF8scpejhaOgqzBEcGM7yDIEfi0/8+8zDRZhNZZ2kjmHJ4hv3zCbQWxoJGz1iw5U0Jl0nma13xzHXcncMavQ=="
    },
    "utils-extend": {
      "version": "1.0.8",
      "resolved": "https://registry.npmjs.org/utils-extend/-/utils-extend-1.0.8.tgz",
      "integrity": "sha1-zP17ZFQPjpDuIe7Fd2nQZRyril8=",
      "dev": true
    },
    "zone.js": {
      "version": "0.8.29",
      "resolved": "https://registry.npmjs.org/zone.js/-/zone.js-0.8.29.tgz",
      "integrity": "sha512-mla2acNCMkWXBD+c+yeUrBUrzOxYMNFdQ6FGfigGGtEVBPJx07BQeJekjt9DmH1FtZek4E9rE1eRR9qQpxACOQ=="
    }
  }
}
