{
  "name": "hippo-cms-engine",
  "requires": true,
  "lockfileVersion": 1,
  "dependencies": {
    "jstimezonedetect": {
      "version": "1.0.6",
      "resolved": "https://maven.onehippo.com/content/groups/npm-all/jstimezonedetect/-/jstimezonedetect-1.0.6.tgz",
      "integrity": "sha1-YNMfus2/V69xsGSIfuBA8Vla21I="
    }
  }
}
