{
  "name": "hippo-cms-editor-frontend",
  "requires": true,
  "lockfileVersion": 1,
  "dependencies": {
    "penpal": {
      "version": "4.0.0",
      "resolved": "https://registry.npmjs.org/penpal/-/penpal-4.0.0.tgz",
      "integrity": "sha512-APPdpVijTF64nEHDfr5JFCW+aYFUe8FzKQs7hqXJis8UF7fbZ06MXUIlp5qdpmb1HdSwU7ysGbsixYGlofD8mw=="
    }
  }
}
