{
  "name": "hippo-cms-editor-frontend",
  "requires": true,
  "lockfileVersion": 1,
  "dependencies": {
    "penpal": {
      "version": "3.0.3",
      "resolved": "https://registry.npmjs.org/penpal/-/penpal-3.0.3.tgz",
      "integrity": "sha512-HoYKoVrrUM6FU8ECLjB8zJlQFY7K1P12mBdHyiDX5yF2daFhqB+dm8Ahy1C2qiO+nquscVM2h9OPz8FvRm/vwQ=="
    }
  }
}
