{
  "name": "hippo-cms-editor-frontend",
  "lockfileVersion": 2,
  "requires": true,
  "packages": {
    "": {
      "name": "hippo-cms-editor-frontend",
      "license": "Apache-2.0",
      "dependencies": {
        "penpal": "4.0.0"
      },
      "engines": {
        "node": "14",
        "npm": "7"
      }
    },
    "node_modules/penpal": {
      "version": "4.0.0",
      "resolved": "https://registry.npmjs.org/penpal/-/penpal-4.0.0.tgz",
      "integrity": "sha512-APPdpVijTF64nEHDfr5JFCW+aYFUe8FzKQs7hqXJis8UF7fbZ06MXUIlp5qdpmb1HdSwU7ysGbsixYGlofD8mw=="
    }
  },
  "dependencies": {
    "penpal": {
      "version": "4.0.0",
      "resolved": "https://registry.npmjs.org/penpal/-/penpal-4.0.0.tgz",
      "integrity": "sha512-APPdpVijTF64nEHDfr5JFCW+aYFUe8FzKQs7hqXJis8UF7fbZ06MXUIlp5qdpmb1HdSwU7ysGbsixYGlofD8mw=="
    }
  }
}
