definitions:
  config:
    /hippo:namespaces/contentblocksdemo/textblock:
      jcr:primaryType: hipposysedit:templatetype
      jcr:mixinTypes: ['editor:editable', 'mix:referenceable']
      /hipposysedit:nodetype:
        jcr:primaryType: hippo:handle
        jcr:mixinTypes: ['mix:referenceable']
        jcr:uuid: ad82d934-370f-4508-ab63-acf72bbe0291
        /hipposysedit:nodetype:
          jcr:primaryType: hipposysedit:nodetype
          jcr:mixinTypes: ['mix:referenceable', 'hipposysedit:remodel']
          jcr:uuid: 560e8aec-92f5-425c-9268-dfe2c3b37b36
          hipposysedit:node: true
          hipposysedit:supertype: ['hippo:compound', 'hippostd:relaxed']
          hipposysedit:uri: http://www.onehippo.org/contentblocksdemo/nt/1.0
          /hippostd_html:
            jcr:primaryType: hipposysedit:field
            hipposysedit:mandatory: false
            hipposysedit:multiple: false
            hipposysedit:ordered: false
            hipposysedit:path: contentblocksdemo:text
            hipposysedit:primary: false
            hipposysedit:type: hippostd:html
      /hipposysedit:prototypes:
        jcr:primaryType: hipposysedit:prototypeset
        /hipposysedit:prototype:
          jcr:primaryType: contentblocksdemo:textblock
          /contentblocksdemo:text:
            jcr:primaryType: hippostd:html
            hippostd:content: ''
      /editor:templates:
        jcr:primaryType: editor:templateset
        /_default_:
          jcr:primaryType: frontend:plugincluster
          frontend:properties: [mode]
          frontend:references: [wicket.model, model.compareTo, engine, validator.id]
          frontend:services: [wicket.id, validator.id]
          /root:
            jcr:primaryType: frontend:plugin
            item: ${cluster.id}.field
            plugin.class: org.hippoecm.frontend.service.render.ListViewPlugin
          /text:
            jcr:primaryType: frontend:plugin
            caption: Text Caption
            field: hippostd_html
            hint: ''
            plugin.class: org.hippoecm.frontend.editor.plugins.field.NodeFieldPlugin
            wicket.id: ${cluster.id}.field
            /cluster.options:
              jcr:primaryType: frontend:pluginconfig
